{
  "name": "defenseclaw-amp-plugin-typecheck",
  "version": "1.0.0",
  "lockfileVersion": 3,
  "requires": true,
  "packages": {
    "": {
      "name": "defenseclaw-amp-plugin-typecheck",
      "version": "1.0.0",
      "devDependencies": {
        "@ampcode/plugin": "0.0.0-20260729002615-g8a974c9",
        "typescript": "5.9.3"
      }
    },
    "node_modules/@ampcode/plugin": {
      "version": "0.0.0-20260729002615-g8a974c9",
      "resolved": "https://registry.npmjs.org/@ampcode/plugin/-/plugin-0.0.0-20260729002615-g8a974c9.tgz",
      "integrity": "sha512-ZQhZsvPR6Bn0jeHZpY5GlbwSx+ea/py1ePJtopvWsU4nPV24TS5jHLeAcATOJNAXiUVegpLRsUfWM+KQ4dniGQ==",
      "dev": true
    },
    "node_modules/typescript": {
      "version": "5.9.3",
      "resolved": "https://registry.npmjs.org/typescript/-/typescript-5.9.3.tgz",
      "integrity": "sha512-jl1vZzPDinLr9eUt3J/t7V6FgNEw9QjvBPdysz9KfQDD41fQrC2Y4vKQdiaUpFT4bXlb1RHhLpp8wtm6M5TgSw==",
      "dev": true,
      "license": "Apache-2.0",
      "bin": {
        "tsc": "bin/tsc",
        "tsserver": "bin/tsserver"
      },
      "engines": {
        "node": ">=14.17"
      }
    }
  }
}
